
Microsoft Visual Studio Solution File, Format Version 12.00
# Visual Studio Version 17
VisualStudioVersion = 17.11.35222.181
MinimumVisualStudioVersion = 10.0.40219.1
Project("{9A19103F-16F7-4668-BE54-9A1E7A4F7556}") = "ICE_0", "FormTest\ICE_0.csproj", "{D1D3351F-ADC1-4E48-AD64-CACE6303D4C9}"
EndProject
Global
	GlobalSection(SolutionConfigurationPlatforms) = preSolution
		Debug|Any CPU = Debug|Any CPU
		Release|Any CPU = Release|Any CPU
	EndGlobalSection
	GlobalSection(ProjectConfigurationPlatforms) = postSolution
		{D1D3351F-ADC1-4E48-AD64-CACE6303D4C9}.Debug|Any CPU.ActiveCfg = Debug|Any CPU
		{D1D3351F-ADC1-4E48-AD64-CACE6303D4C9}.Debug|Any CPU.Build.0 = Debug|Any CPU
		{D1D3351F-ADC1-4E48-AD64-CACE6303D4C9}.Release|Any CPU.ActiveCfg = Release|Any CPU
		{D1D3351F-ADC1-4E48-AD64-CACE6303D4C9}.Release|Any CPU.Build.0 = Release|Any CPU
	EndGlobalSection
	GlobalSection(SolutionProperties) = preSolution
		HideSolutionNode = FALSE
	EndGlobalSection
	GlobalSection(ExtensibilityGlobals) = postSolution
		SolutionGuid = {C55DBFA4-3D36-4C26-966A-84924C537270}
	EndGlobalSection
EndGlobal
